
Microsoft Visual Studio Solution File, Format Version 12.00
# Visual Studio Version 17
VisualStudioVersion = 17.8.34525.116
MinimumVisualStudioVersion = 10.0.40219.1
Project("{FAE04EC0-301F-11D3-BF4B-00C04F79EFBC}") = "HangmanDemo", "HangmanDemo.csproj", "{ADD1518B-0A6E-4172-B439-5EF5958CF116}"
EndProject
Global
	GlobalSection(SolutionConfigurationPlatforms) = preSolution
		Debug|Any CPU = Debug|Any CPU
		Release|Any CPU = Release|Any CPU
	EndGlobalSection
	GlobalSection(ProjectConfigurationPlatforms) = postSolution
		{ADD1518B-0A6E-4172-B439-5EF5958CF116}.Debug|Any CPU.ActiveCfg = Debug|Any CPU
		{ADD1518B-0A6E-4172-B439-5EF5958CF116}.Debug|Any CPU.Build.0 = Debug|Any CPU
		{ADD1518B-0A6E-4172-B439-5EF5958CF116}.Debug|Any CPU.Deploy.0 = Debug|Any CPU
		{ADD1518B-0A6E-4172-B439-5EF5958CF116}.Release|Any CPU.ActiveCfg = Release|Any CPU
		{ADD1518B-0A6E-4172-B439-5EF5958CF116}.Release|Any CPU.Build.0 = Release|Any CPU
		{ADD1518B-0A6E-4172-B439-5EF5958CF116}.Release|Any CPU.Deploy.0 = Release|Any CPU
	EndGlobalSection
	GlobalSection(SolutionProperties) = preSolution
		HideSolutionNode = FALSE
	EndGlobalSection
	GlobalSection(ExtensibilityGlobals) = postSolution
		SolutionGuid = {B07B2182-D839-4494-929A-6367710C45CD}
	EndGlobalSection
EndGlobal
